
Microsoft Visual Studio Solution File, Format Version 12.00
# Visual Studio Version 17
VisualStudioVersion = 17.3.32922.545
MinimumVisualStudioVersion = 10.0.40219.1
Project("{9A19103F-16F7-4668-BE54-9A1E7A4F7556}") = "Tron", "Tron\Tron.csproj", "{C6A6F9BD-93F3-483C-BAFD-4A1E15943789}"
EndProject
Global
	GlobalSection(SolutionConfigurationPlatforms) = preSolution
		Debug|Any CPU = Debug|Any CPU
		Release|Any CPU = Release|Any CPU
	EndGlobalSection
	GlobalSection(ProjectConfigurationPlatforms) = postSolution
		{C6A6F9BD-93F3-483C-BAFD-4A1E15943789}.Debug|Any CPU.ActiveCfg = Debug|Any CPU
		{C6A6F9BD-93F3-483C-BAFD-4A1E15943789}.Debug|Any CPU.Build.0 = Debug|Any CPU
		{C6A6F9BD-93F3-483C-BAFD-4A1E15943789}.Release|Any CPU.ActiveCfg = Release|Any CPU
		{C6A6F9BD-93F3-483C-BAFD-4A1E15943789}.Release|Any CPU.Build.0 = Release|Any CPU
	EndGlobalSection
	GlobalSection(SolutionProperties) = preSolution
		HideSolutionNode = FALSE
	EndGlobalSection
	GlobalSection(ExtensibilityGlobals) = postSolution
		SolutionGuid = {922A7D9B-FB5E-429F-9646-4355A50BB104}
	EndGlobalSection
EndGlobal
